// !$*UTF8*$!
{
	archiveVersion = 1;
	classes = {
	};
	objectVersion = 46;
	objects = {

/* Begin PBXBuildFile section */
		113A92D1198B5F22004C5F1E /* Event.swift in Sources */ = {isa = PBXBuildFile; fileRef = 113A92CB198B5F22004C5F1E /* Event.swift */; };
		113A92D2198B5F22004C5F1E /* EventListener.swift in Sources */ = {isa = PBXBuildFile; fileRef = 113A92CC198B5F22004C5F1E /* EventListener.swift */; };
		113A92D4198B5F22004C5F1E /* AppDelegate.swift in Sources */ = {isa = PBXBuildFile; fileRef = 113A92CF198B5F22004C5F1E /* AppDelegate.swift */; };
		113A92D5198B5F22004C5F1E /* Info.plist in Resources */ = {isa = PBXBuildFile; fileRef = 113A92D0198B5F22004C5F1E /* Info.plist */; };
		113A92DA198B6211004C5F1E /* EventTests.swift in Sources */ = {isa = PBXBuildFile; fileRef = 113A92D9198B6211004C5F1E /* EventTests.swift */; };
		1159993D1998103600DBBF64 /* EventListenerStorage.swift in Sources */ = {isa = PBXBuildFile; fileRef = 1159993C1998103600DBBF64 /* EventListenerStorage.swift */; };
/* End PBXBuildFile section */

/* Begin PBXFileReference section */
		113A92A9198B5EAB004C5F1E /* Generic Events for Swift.app */ = {isa = PBXFileReference; explicitFileType = wrapper.application; includeInIndex = 0; path = "Generic Events for Swift.app"; sourceTree = BUILT_PRODUCTS_DIR; };
		113A92CB198B5F22004C5F1E /* Event.swift */ = {isa = PBXFileReference; fileEncoding = 4; lastKnownFileType = sourcecode.swift; name = Event.swift; path = src/Event.swift; sourceTree = "<group>"; };
		113A92CC198B5F22004C5F1E /* EventListener.swift */ = {isa = PBXFileReference; fileEncoding = 4; lastKnownFileType = sourcecode.swift; name = EventListener.swift; path = src/EventListener.swift; sourceTree = "<group>"; };
		113A92CF198B5F22004C5F1E /* AppDelegate.swift */ = {isa = PBXFileReference; fileEncoding = 4; lastKnownFileType = sourcecode.swift; path = AppDelegate.swift; sourceTree = "<group>"; };
		113A92D0198B5F22004C5F1E /* Info.plist */ = {isa = PBXFileReference; fileEncoding = 4; lastKnownFileType = text.plist.xml; path = Info.plist; sourceTree = "<group>"; };
		113A92D9198B6211004C5F1E /* EventTests.swift */ = {isa = PBXFileReference; fileEncoding = 4; lastKnownFileType = sourcecode.swift; name = EventTests.swift; path = tests/EventTests.swift; sourceTree = "<group>"; };
		1159993C1998103600DBBF64 /* EventListenerStorage.swift */ = {isa = PBXFileReference; fileEncoding = 4; lastKnownFileType = sourcecode.swift; path = EventListenerStorage.swift; sourceTree = "<group>"; };
/* End PBXFileReference section */

/* Begin PBXFrameworksBuildPhase section */
		113A92A6198B5EAB004C5F1E /* Frameworks */ = {
			isa = PBXFrameworksBuildPhase;
			buildActionMask = 2147483647;
			files = (
			);
			runOnlyForDeploymentPostprocessing = 0;
		};
/* End PBXFrameworksBuildPhase section */

/* Begin PBXGroup section */
		112E470A198B68950011266D /* src */ = {
			isa = PBXGroup;
			children = (
				113A92CB198B5F22004C5F1E /* Event.swift */,
				113A92CC198B5F22004C5F1E /* EventListener.swift */,
				1159993C1998103600DBBF64 /* EventListenerStorage.swift */,
			);
			name = src;
			sourceTree = "<group>";
		};
		113A92A0198B5EAB004C5F1E = {
			isa = PBXGroup;
			children = (
				112E470A198B68950011266D /* src */,
				113A92CE198B5F22004C5F1E /* setup */,
				113A92D8198B6205004C5F1E /* tests */,
				113A92AA198B5EAB004C5F1E /* results */,
			);
			sourceTree = "<group>";
		};
		113A92AA198B5EAB004C5F1E /* results */ = {
			isa = PBXGroup;
			children = (
				113A92A9198B5EAB004C5F1E /* Generic Events for Swift.app */,
			);
			name = results;
			sourceTree = "<group>";
		};
		113A92CE198B5F22004C5F1E /* setup */ = {
			isa = PBXGroup;
			children = (
				113A92CF198B5F22004C5F1E /* AppDelegate.swift */,
				113A92D0198B5F22004C5F1E /* Info.plist */,
			);
			path = setup;
			sourceTree = "<group>";
		};
		113A92D8198B6205004C5F1E /* tests */ = {
			isa = PBXGroup;
			children = (
				113A92D9198B6211004C5F1E /* EventTests.swift */,
			);
			name = tests;
			sourceTree = "<group>";
		};
/* End PBXGroup section */

/* Begin PBXNativeTarget section */
		113A92A8198B5EAB004C5F1E /* Generic Events for Swift */ = {
			isa = PBXNativeTarget;
			buildConfigurationList = 113A92C5198B5EAB004C5F1E /* Build configuration list for PBXNativeTarget "Generic Events for Swift" */;
			buildPhases = (
				113A92A5198B5EAB004C5F1E /* Sources */,
				113A92A6198B5EAB004C5F1E /* Frameworks */,
				113A92A7198B5EAB004C5F1E /* Resources */,
			);
			buildRules = (
			);
			dependencies = (
			);
			name = "Generic Events for Swift";
			productName = "Simple Typed Events";
			productReference = 113A92A9198B5EAB004C5F1E /* Generic Events for Swift.app */;
			productType = "com.apple.product-type.application";
		};
/* End PBXNativeTarget section */

/* Begin PBXProject section */
		113A92A1198B5EAB004C5F1E /* Project object */ = {
			isa = PBXProject;
			attributes = {
				LastUpgradeCheck = 0600;
				ORGANIZATIONNAME = Example;
				TargetAttributes = {
					113A92A8198B5EAB004C5F1E = {
						CreatedOnToolsVersion = 6.0;
					};
				};
			};
			buildConfigurationList = 113A92A4198B5EAB004C5F1E /* Build configuration list for PBXProject "Generic Events for Swift" */;
			compatibilityVersion = "Xcode 3.2";
			developmentRegion = English;
			hasScannedForEncodings = 0;
			knownRegions = (
				en,
				Base,
			);
			mainGroup = 113A92A0198B5EAB004C5F1E;
			productRefGroup = 113A92AA198B5EAB004C5F1E /* results */;
			projectDirPath = "";
			projectRoot = "";
			targets = (
				113A92A8198B5EAB004C5F1E /* Generic Events for Swift */,
			);
		};
/* End PBXProject section */

/* Begin PBXResourcesBuildPhase section */
		113A92A7198B5EAB004C5F1E /* Resources */ = {
			isa = PBXResourcesBuildPhase;
			buildActionMask = 2147483647;
			files = (
				113A92D5198B5F22004C5F1E /* Info.plist in Resources */,
			);
			runOnlyForDeploymentPostprocessing = 0;
		};
/* End PBXResourcesBuildPhase section */

/* Begin PBXSourcesBuildPhase section */
		113A92A5198B5EAB004C5F1E /* Sources */ = {
			isa = PBXSourcesBuildPhase;
			buildActionMask = 2147483647;
			files = (
				113A92D4198B5F22004C5F1E /* AppDelegate.swift in Sources */,
				113A92D2198B5F22004C5F1E /* EventListener.swift in Sources */,
				1159993D1998103600DBBF64 /* EventListenerStorage.swift in Sources */,
				113A92DA198B6211004C5F1E /* EventTests.swift in Sources */,
				113A92D1198B5F22004C5F1E /* Event.swift in Sources */,
			);
			runOnlyForDeploymentPostprocessing = 0;
		};
/* End PBXSourcesBuildPhase section */

/* Begin XCBuildConfiguration section */
		113A92C3198B5EAB004C5F1E /* Debug */ = {
			isa = XCBuildConfiguration;
			buildSettings = {
				ALWAYS_SEARCH_USER_PATHS = NO;
				CLANG_CXX_LANGUAGE_STANDARD = "gnu++0x";
				CLANG_CXX_LIBRARY = "libc++";
				CLANG_ENABLE_MODULES = YES;
				CLANG_ENABLE_OBJC_ARC = YES;
				CLANG_WARN_BOOL_CONVERSION = YES;
				CLANG_WARN_CONSTANT_CONVERSION = YES;
				CLANG_WARN_DIRECT_OBJC_ISA_USAGE = YES_ERROR;
				CLANG_WARN_EMPTY_BODY = YES;
				CLANG_WARN_ENUM_CONVERSION = YES;
				CLANG_WARN_INT_CONVERSION = YES;
				CLANG_WARN_OBJC_ROOT_CLASS = YES_ERROR;
				CLANG_WARN_UNREACHABLE_CODE = YES;
				CLANG_WARN__DUPLICATE_METHOD_MATCH = YES;
				"CODE_SIGN_IDENTITY[sdk=iphoneos*]" = "iPhone Developer";
				COPY_PHASE_STRIP = NO;
				ENABLE_STRICT_OBJC_MSGSEND = YES;
				GCC_C_LANGUAGE_STANDARD = gnu99;
				GCC_DYNAMIC_NO_PIC = NO;
				GCC_OPTIMIZATION_LEVEL = 0;
				GCC_PREPROCESSOR_DEFINITIONS = (
					"DEBUG=1",
					"$(inherited)",
				);
				GCC_SYMBOLS_PRIVATE_EXTERN = NO;
				GCC_WARN_64_TO_32_BIT_CONVERSION = YES;
				GCC_WARN_ABOUT_RETURN_TYPE = YES_ERROR;
				GCC_WARN_UNDECLARED_SELECTOR = YES;
				GCC_WARN_UNINITIALIZED_AUTOS = YES_AGGRESSIVE;
				GCC_WARN_UNUSED_FUNCTION = YES;
				GCC_WARN_UNUSED_VARIABLE = YES;
				IPHONEOS_DEPLOYMENT_TARGET = 7.0;
				MTL_ENABLE_DEBUG_INFO = YES;
				ONLY_ACTIVE_ARCH = YES;
				SDKROOT = iphoneos;
				SWIFT_OPTIMIZATION_LEVEL = "-Onone";
			};
			name = Debug;
		};
		113A92C4198B5EAB004C5F1E /* Release */ = {
			isa = XCBuildConfiguration;
			buildSettings = {
				ALWAYS_SEARCH_USER_PATHS = NO;
				CLANG_CXX_LANGUAGE_STANDARD = "gnu++0x";
				CLANG_CXX_LIBRARY = "libc++";
				CLANG_ENABLE_MODULES = YES;
				CLANG_ENABLE_OBJC_ARC = YES;
				CLANG_WARN_BOOL_CONVERSION = YES;
				CLANG_WARN_CONSTANT_CONVERSION = YES;
				CLANG_WARN_DIRECT_OBJC_ISA_USAGE = YES_ERROR;
				CLANG_WARN_EMPTY_BODY = YES;
				CLANG_WARN_ENUM_CONVERSION = YES;
				CLANG_WARN_INT_CONVERSION = YES;
				CLANG_WARN_OBJC_ROOT_CLASS = YES_ERROR;
				CLANG_WARN_UNREACHABLE_CODE = YES;
				CLANG_WARN__DUPLICATE_METHOD_MATCH = YES;
				"CODE_SIGN_IDENTITY[sdk=iphoneos*]" = "iPhone Developer";
				COPY_PHASE_STRIP = YES;
				ENABLE_NS_ASSERTIONS = NO;
				ENABLE_STRICT_OBJC_MSGSEND = YES;
				GCC_C_LANGUAGE_STANDARD = gnu99;
				GCC_WARN_64_TO_32_BIT_CONVERSION = YES;
				GCC_WARN_ABOUT_RETURN_TYPE = YES_ERROR;
				GCC_WARN_UNDECLARED_SELECTOR = YES;
				GCC_WARN_UNINITIALIZED_AUTOS = YES_AGGRESSIVE;
				GCC_WARN_UNUSED_FUNCTION = YES;
				GCC_WARN_UNUSED_VARIABLE = YES;
				IPHONEOS_DEPLOYMENT_TARGET = 7.0;
				MTL_ENABLE_DEBUG_INFO = NO;
				SDKROOT = iphoneos;
				VALIDATE_PRODUCT = YES;
			};
			name = Release;
		};
		113A92C6198B5EAB004C5F1E /* Debug */ = {
			isa = XCBuildConfiguration;
			buildSettings = {
				ASSETCATALOG_COMPILER_APPICON_NAME = AppIcon;
				ASSETCATALOG_COMPILER_LAUNCHIMAGE_NAME = LaunchImage;
				CODE_SIGN_IDENTITY = "iPhone Developer";
				INFOPLIST_FILE = "$(SRCROOT)/setup/Info.plist";
				IPHONEOS_DEPLOYMENT_TARGET = 7.0;
				LD_RUNPATH_SEARCH_PATHS = "$(inherited) @executable_path/Frameworks";
				PRODUCT_NAME = "Generic Events for Swift";
			};
			name = Debug;
		};
		113A92C7198B5EAB004C5F1E /* Release */ = {
			isa = XCBuildConfiguration;
			buildSettings = {
				ASSETCATALOG_COMPILER_APPICON_NAME = AppIcon;
				ASSETCATALOG_COMPILER_LAUNCHIMAGE_NAME = LaunchImage;
				CODE_SIGN_IDENTITY = "iPhone Developer";
				INFOPLIST_FILE = "$(SRCROOT)/setup/Info.plist";
				IPHONEOS_DEPLOYMENT_TARGET = 7.0;
				LD_RUNPATH_SEARCH_PATHS = "$(inherited) @executable_path/Frameworks";
				PRODUCT_NAME = "Generic Events for Swift";
			};
			name = Release;
		};
/* End XCBuildConfiguration section */

/* Begin XCConfigurationList section */
		113A92A4198B5EAB004C5F1E /* Build configuration list for PBXProject "Generic Events for Swift" */ = {
			isa = XCConfigurationList;
			buildConfigurations = (
				113A92C3198B5EAB004C5F1E /* Debug */,
				113A92C4198B5EAB004C5F1E /* Release */,
			);
			defaultConfigurationIsVisible = 0;
			defaultConfigurationName = Release;
		};
		113A92C5198B5EAB004C5F1E /* Build configuration list for PBXNativeTarget "Generic Events for Swift" */ = {
			isa = XCConfigurationList;
			buildConfigurations = (
				113A92C6198B5EAB004C5F1E /* Debug */,
				113A92C7198B5EAB004C5F1E /* Release */,
			);
			defaultConfigurationIsVisible = 0;
			defaultConfigurationName = Release;
		};
/* End XCConfigurationList section */
	};
	rootObject = 113A92A1198B5EAB004C5F1E /* Project object */;
}
